PODS:
  - CocoaAsyncSocket (7.6.5)
  - CocoaLumberjack (3.7.2):
    - CocoaLumberjack/Core (= 3.7.2)
  - CocoaLumberjack/Core (3.7.2)

DEPENDENCIES:
  - CocoaAsyncSocket
  - CocoaLumberjack

SPEC REPOS:
  trunk:
    - CocoaAsyncSocket
    - CocoaLumberjack

SPEC CHECKSUMS:
  CocoaAsyncSocket: 065fd1e645c7abab64f7a6a2007a48038fdc6a99
  CocoaLumberjack: b7e05132ff94f6ae4dfa9d5bce9141893a21d9da

PODFILE CHECKSUM: 6ea0af3541d05bc73c2fad4281e155b8c3d1d2eb

COCOAPODS: 1.10.1
